PODS:
  - Alamofire (5.4.1)
  - ColorCompatibility (1.1.0)
  - Differentiator (4.0.1)
  - Moya (14.0.0):
    - Moya/Core (= 14.0.0)
  - Moya/Core (14.0.0):
    - Alamofire (~> 5.0)
  - Moya/RxSwift (14.0.0):
    - Moya/Core
    - RxSwift (~> 5.0)
  - MoyaSugar/Core (1.3.3):
    - Moya (>= 14.0.0-beta.2)
  - MoyaSugar/RxSwift (1.3.3):
    - Moya/RxSwift (>= 14.0.0-beta.2)
    - MoyaSugar/Core
    - RxSwift (>= 5.0.0)
  - Nimble (9.0.0)
  - Pure (1.1.4):
    - Pure/Core (= 1.1.4)
  - Pure/Core (1.1.4)
  - PureSwinject (1.3.0):
    - Pure (~> 1.1)
    - Swinject (~> 2.6)
    - SwinjectSafeAuto (~> 1.0)
  - Quick (3.1.2)
  - R.swift (5.3.1):
    - R.swift.Library (~> 5.3.0)
  - R.swift.Library (5.3.0)
  - ReactorKit (2.1.1):
    - RxSwift (~> 5.0)
    - WeakMapTable (~> 1.1)
  - RxCocoa (5.1.1):
    - RxRelay (~> 5)
    - RxSwift (~> 5)
  - RxDataSources (4.0.1):
    - Differentiator (~> 4.0)
    - RxCocoa (~> 5.0)
    - RxSwift (~> 5.0)
  - RxGesture (3.0.2):
    - RxCocoa (~> 5.1)
    - RxSwift (~> 5.1)
  - RxKeyboard (1.0.0):
    - RxCocoa (~> 5.0)
    - RxSwift (~> 5.0)
  - RxRelay (5.1.1):
    - RxSwift (~> 5)
  - RxSwift (5.1.1)
  - RxTest (5.1.1):
    - RxSwift (~> 5)
  - SnapKit (5.0.1)
  - Swinject (2.7.1)
  - SwinjectSafeAuto (1.0.1):
    - Swinject (~> 2.6)
    - WeakMapTable (~> 1.0)
  - Then (2.7.0)
  - WeakMapTable (1.2.0)

DEPENDENCIES:
  - ColorCompatibility
  - Moya/RxSwift (~> 14)
  - MoyaSugar/RxSwift
  - Nimble
  - Pure
  - PureSwinject
  - Quick
  - R.swift
  - ReactorKit
  - RxCocoa
  - RxDataSources
  - RxGesture
  - RxKeyboard
  - RxSwift
  - RxTest
  - SnapKit
  - Swinject
  - Then

SPEC REPOS:
  https://github.com/CocoaPods/Specs.git:
    - Alamofire
    - ColorCompatibility
    - Differentiator
    - Moya
    - MoyaSugar
    - Nimble
    - Pure
    - PureSwinject
    - Quick
    - R.swift
    - R.swift.Library
    - ReactorKit
    - RxCocoa
    - RxDataSources
    - RxGesture
    - RxKeyboard
    - RxRelay
    - RxSwift
    - RxTest
    - SnapKit
    - Swinject
    - SwinjectSafeAuto
    - Then
    - WeakMapTable

SPEC CHECKSUMS:
  Alamofire: 2291f7d21ca607c491dd17642e5d40fdcda0e65c
  ColorCompatibility: 7257750b5ac742db9c8b593966c6f8e06992149b
  Differentiator: 886080237d9f87f322641dedbc5be257061b0602
  Moya: 5b45dacb75adb009f97fde91c204c1e565d31916
  MoyaSugar: 63390c557e038c087dc4bcc8a9f9fda69647ce43
  Nimble: 3b4ec3fd40f1dc178058e0981107721c615643d8
  Pure: 82d6f4438672a41d21ea6fadd126e1466db001c5
  PureSwinject: 0010f4069bd552cdc46a7be7d58481b22ced2fd3
  Quick: 60f0ea3b8e0cfc0df3259a5c06a238ad8b3c46e0
  R.swift: 56ec7e3aef34b9eee47a659e42462db2c1cc5ac3
  R.swift.Library: 0fc583cb55a99e28901299cc451614cad1161962
  ReactorKit: 6d894a20c3d508344320901cd8e386fde92df4b6
  RxCocoa: 32065309a38d29b5b0db858819b5bf9ef038b601
  RxDataSources: efee07fa4de48477eca0a4611e6d11e2da9c1114
  RxGesture: d6bd7447ca3a596c7a9702a6a2b6a2bb5d8bae54
  RxKeyboard: 6683c4344304a00f943c158bd8a43ce5469c82a7
  RxRelay: d77f7d771495f43c556cbc43eebd1bb54d01e8e9
  RxSwift: 81470a2074fa8780320ea5fe4102807cb7118178
  RxTest: 711632d5644dffbeb62c936a521b5b008a1e1faa
  SnapKit: 97b92857e3df3a0c71833cce143274bf6ef8e5eb
  Swinject: ddf78b8486dd9b71a667b852cad919ab4484478e
  SwinjectSafeAuto: 91266e1775ca6182f71b50e4f5e223e55a2b753c
  Then: acfe0be7e98221c6204e12f8161459606d5d822d
  WeakMapTable: 05c694ce8439a7a9ebabb56187287a63c57673d6

PODFILE CHECKSUM: 0ea9575c8600dff9f4610d36b54f5719c8a6d9d1

COCOAPODS: 1.10.1
