// !$*UTF8*$!
{
	archiveVersion = 1;
	classes = {
	};
	objectVersion = 50;
	objects = {

/* Begin PBXBuildFile section */
		3621B9D922530C0F003F0464 /* AppDelegate.swift in Sources */ = {isa = PBXBuildFile; fileRef = 3621B9D822530C0F003F0464 /* AppDelegate.swift */; };
		3621B9E022530C10003F0464 /* Assets.xcassets in Resources */ = {isa = PBXBuildFile; fileRef = 3621B9DF22530C10003F0464 /* Assets.xcassets */; };
		3621B9E322530C10003F0464 /* LaunchScreen.storyboard in Resources */ = {isa = PBXBuildFile; fileRef = 3621B9E122530C10003F0464 /* LaunchScreen.storyboard */; };
		3621B9EE22530C10003F0464 /* MyFlickrPhotosTests.swift in Sources */ = {isa = PBXBuildFile; fileRef = 3621B9ED22530C10003F0464 /* MyFlickrPhotosTests.swift */; };
		3621B9F922530CF3003F0464 /* PhotoController.swift in Sources */ = {isa = PBXBuildFile; fileRef = 3621B9F822530CF3003F0464 /* PhotoController.swift */; };
		3621B9FB225310FA003F0464 /* Service.swift in Sources */ = {isa = PBXBuildFile; fileRef = 3621B9FA225310FA003F0464 /* Service.swift */; };
		3621B9FD22531141003F0464 /* Constants.swift in Sources */ = {isa = PBXBuildFile; fileRef = 3621B9FC22531141003F0464 /* Constants.swift */; };
		3621B9FF22531163003F0464 /* FlickrConfig.swift in Sources */ = {isa = PBXBuildFile; fileRef = 3621B9FE22531163003F0464 /* FlickrConfig.swift */; };
		3621BA0122531182003F0464 /* Flickr.swift in Sources */ = {isa = PBXBuildFile; fileRef = 3621BA0022531182003F0464 /* Flickr.swift */; };
		3621BA0522531334003F0464 /* PhotoViewModel.swift in Sources */ = {isa = PBXBuildFile; fileRef = 3621BA0422531334003F0464 /* PhotoViewModel.swift */; };
		3621BA0722531367003F0464 /* PhotoCellViewModel.swift in Sources */ = {isa = PBXBuildFile; fileRef = 3621BA0622531367003F0464 /* PhotoCellViewModel.swift */; };
		3621BA0922531385003F0464 /* PhotoCell.swift in Sources */ = {isa = PBXBuildFile; fileRef = 3621BA0822531385003F0464 /* PhotoCell.swift */; };
		3621BA0B225313B6003F0464 /* UIKit+MyFlickrPhotos.swift in Sources */ = {isa = PBXBuildFile; fileRef = 3621BA0A225313B6003F0464 /* UIKit+MyFlickrPhotos.swift */; };
/* End PBXBuildFile section */

/* Begin PBXContainerItemProxy section */
		3621B9EA22530C10003F0464 /* PBXContainerItemProxy */ = {
			isa = PBXContainerItemProxy;
			containerPortal = 3621B9CD22530C0F003F0464 /* Project object */;
			proxyType = 1;
			remoteGlobalIDString = 3621B9D422530C0F003F0464;
			remoteInfo = MyFlickrPhotos;
		};
/* End PBXContainerItemProxy section */

/* Begin PBXFileReference section */
		3621B9D522530C0F003F0464 /* MyFlickrPhotos.app */ = {isa = PBXFileReference; explicitFileType = wrapper.application; includeInIndex = 0; path = MyFlickrPhotos.app; sourceTree = BUILT_PRODUCTS_DIR; };
		3621B9D822530C0F003F0464 /* AppDelegate.swift */ = {isa = PBXFileReference; lastKnownFileType = sourcecode.swift; path = AppDelegate.swift; sourceTree = "<group>"; };
		3621B9DF22530C10003F0464 /* Assets.xcassets */ = {isa = PBXFileReference; lastKnownFileType = folder.assetcatalog; path = Assets.xcassets; sourceTree = "<group>"; };
		3621B9E222530C10003F0464 /* Base */ = {isa = PBXFileReference; lastKnownFileType = file.storyboard; name = Base; path = Base.lproj/LaunchScreen.storyboard; sourceTree = "<group>"; };
		3621B9E422530C10003F0464 /* Info.plist */ = {isa = PBXFileReference; lastKnownFileType = text.plist.xml; path = Info.plist; sourceTree = "<group>"; };
		3621B9E922530C10003F0464 /* MyFlickrPhotosTests.xctest */ = {isa = PBXFileReference; explicitFileType = wrapper.cfbundle; includeInIndex = 0; path = MyFlickrPhotosTests.xctest; sourceTree = BUILT_PRODUCTS_DIR; };
		3621B9ED22530C10003F0464 /* MyFlickrPhotosTests.swift */ = {isa = PBXFileReference; lastKnownFileType = sourcecode.swift; path = MyFlickrPhotosTests.swift; sourceTree = "<group>"; };
		3621B9EF22530C10003F0464 /* Info.plist */ = {isa = PBXFileReference; lastKnownFileType = text.plist.xml; path = Info.plist; sourceTree = "<group>"; };
		3621B9F822530CF3003F0464 /* PhotoController.swift */ = {isa = PBXFileReference; lastKnownFileType = sourcecode.swift; path = PhotoController.swift; sourceTree = "<group>"; };
		3621B9FA225310FA003F0464 /* Service.swift */ = {isa = PBXFileReference; lastKnownFileType = sourcecode.swift; path = Service.swift; sourceTree = "<group>"; };
		3621B9FC22531141003F0464 /* Constants.swift */ = {isa = PBXFileReference; lastKnownFileType = sourcecode.swift; path = Constants.swift; sourceTree = "<group>"; };
		3621B9FE22531163003F0464 /* FlickrConfig.swift */ = {isa = PBXFileReference; lastKnownFileType = sourcecode.swift; path = FlickrConfig.swift; sourceTree = "<group>"; };
		3621BA0022531182003F0464 /* Flickr.swift */ = {isa = PBXFileReference; lastKnownFileType = sourcecode.swift; path = Flickr.swift; sourceTree = "<group>"; };
		3621BA0422531334003F0464 /* PhotoViewModel.swift */ = {isa = PBXFileReference; lastKnownFileType = sourcecode.swift; path = PhotoViewModel.swift; sourceTree = "<group>"; };
		3621BA0622531367003F0464 /* PhotoCellViewModel.swift */ = {isa = PBXFileReference; lastKnownFileType = sourcecode.swift; path = PhotoCellViewModel.swift; sourceTree = "<group>"; };
		3621BA0822531385003F0464 /* PhotoCell.swift */ = {isa = PBXFileReference; lastKnownFileType = sourcecode.swift; path = PhotoCell.swift; sourceTree = "<group>"; };
		3621BA0A225313B6003F0464 /* UIKit+MyFlickrPhotos.swift */ = {isa = PBXFileReference; lastKnownFileType = sourcecode.swift; path = "UIKit+MyFlickrPhotos.swift"; sourceTree = "<group>"; };
/* End PBXFileReference section */

/* Begin PBXFrameworksBuildPhase section */
		3621B9D222530C0F003F0464 /* Frameworks */ = {
			isa = PBXFrameworksBuildPhase;
			buildActionMask = 2147483647;
			files = (
			);
			runOnlyForDeploymentPostprocessing = 0;
		};
		3621B9E622530C10003F0464 /* Frameworks */ = {
			isa = PBXFrameworksBuildPhase;
			buildActionMask = 2147483647;
			files = (
			);
			runOnlyForDeploymentPostprocessing = 0;
		};
/* End PBXFrameworksBuildPhase section */

/* Begin PBXGroup section */
		3621B9CC22530C0F003F0464 = {
			isa = PBXGroup;
			children = (
				3621B9D722530C0F003F0464 /* MyFlickrPhotos */,
				3621B9EC22530C10003F0464 /* MyFlickrPhotosTests */,
				3621B9D622530C0F003F0464 /* Products */,
			);
			sourceTree = "<group>";
		};
		3621B9D622530C0F003F0464 /* Products */ = {
			isa = PBXGroup;
			children = (
				3621B9D522530C0F003F0464 /* MyFlickrPhotos.app */,
				3621B9E922530C10003F0464 /* MyFlickrPhotosTests.xctest */,
			);
			name = Products;
			sourceTree = "<group>";
		};
		3621B9D722530C0F003F0464 /* MyFlickrPhotos */ = {
			isa = PBXGroup;
			children = (
				3621BA03225312C0003F0464 /* Sources */,
				3621BA02225312B3003F0464 /* Resources */,
				3621B9E122530C10003F0464 /* LaunchScreen.storyboard */,
			);
			path = MyFlickrPhotos;
			sourceTree = "<group>";
		};
		3621B9EC22530C10003F0464 /* MyFlickrPhotosTests */ = {
			isa = PBXGroup;
			children = (
				3621B9ED22530C10003F0464 /* MyFlickrPhotosTests.swift */,
				3621B9EF22530C10003F0464 /* Info.plist */,
			);
			path = MyFlickrPhotosTests;
			sourceTree = "<group>";
		};
		3621BA02225312B3003F0464 /* Resources */ = {
			isa = PBXGroup;
			children = (
				3621B9DF22530C10003F0464 /* Assets.xcassets */,
				3621B9E422530C10003F0464 /* Info.plist */,
			);
			path = Resources;
			sourceTree = "<group>";
		};
		3621BA03225312C0003F0464 /* Sources */ = {
			isa = PBXGroup;
			children = (
				3621BA0C22531474003F0464 /* Shared */,
				3621BA0D22531481003F0464 /* Models */,
				3621BA0E22531489003F0464 /* Views */,
				3621BA0F22531495003F0464 /* ViewModels */,
				3621BA102253149C003F0464 /* Controllers */,
			);
			path = Sources;
			sourceTree = "<group>";
		};
		3621BA0C22531474003F0464 /* Shared */ = {
			isa = PBXGroup;
			children = (
				3621B9D822530C0F003F0464 /* AppDelegate.swift */,
				3621B9FA225310FA003F0464 /* Service.swift */,
				3621B9FC22531141003F0464 /* Constants.swift */,
				3621B9FE22531163003F0464 /* FlickrConfig.swift */,
				3621BA0A225313B6003F0464 /* UIKit+MyFlickrPhotos.swift */,
			);
			path = Shared;
			sourceTree = "<group>";
		};
		3621BA0D22531481003F0464 /* Models */ = {
			isa = PBXGroup;
			children = (
				3621BA0022531182003F0464 /* Flickr.swift */,
			);
			path = Models;
			sourceTree = "<group>";
		};
		3621BA0E22531489003F0464 /* Views */ = {
			isa = PBXGroup;
			children = (
				3621BA0822531385003F0464 /* PhotoCell.swift */,
			);
			path = Views;
			sourceTree = "<group>";
		};
		3621BA0F22531495003F0464 /* ViewModels */ = {
			isa = PBXGroup;
			children = (
				3621BA0422531334003F0464 /* PhotoViewModel.swift */,
				3621BA0622531367003F0464 /* PhotoCellViewModel.swift */,
			);
			path = ViewModels;
			sourceTree = "<group>";
		};
		3621BA102253149C003F0464 /* Controllers */ = {
			isa = PBXGroup;
			children = (
				3621B9F822530CF3003F0464 /* PhotoController.swift */,
			);
			path = Controllers;
			sourceTree = "<group>";
		};
/* End PBXGroup section */

/* Begin PBXNativeTarget section */
		3621B9D422530C0F003F0464 /* MyFlickrPhotos */ = {
			isa = PBXNativeTarget;
			buildConfigurationList = 3621B9F222530C10003F0464 /* Build configuration list for PBXNativeTarget "MyFlickrPhotos" */;
			buildPhases = (
				3621B9D122530C0F003F0464 /* Sources */,
				3621B9D222530C0F003F0464 /* Frameworks */,
				3621B9D322530C0F003F0464 /* Resources */,
			);
			buildRules = (
			);
			dependencies = (
			);
			name = MyFlickrPhotos;
			productName = MyFlickrPhotos;
			productReference = 3621B9D522530C0F003F0464 /* MyFlickrPhotos.app */;
			productType = "com.apple.product-type.application";
		};
		3621B9E822530C10003F0464 /* MyFlickrPhotosTests */ = {
			isa = PBXNativeTarget;
			buildConfigurationList = 3621B9F522530C10003F0464 /* Build configuration list for PBXNativeTarget "MyFlickrPhotosTests" */;
			buildPhases = (
				3621B9E522530C10003F0464 /* Sources */,
				3621B9E622530C10003F0464 /* Frameworks */,
				3621B9E722530C10003F0464 /* Resources */,
			);
			buildRules = (
			);
			dependencies = (
				3621B9EB22530C10003F0464 /* PBXTargetDependency */,
			);
			name = MyFlickrPhotosTests;
			productName = MyFlickrPhotosTests;
			productReference = 3621B9E922530C10003F0464 /* MyFlickrPhotosTests.xctest */;
			productType = "com.apple.product-type.bundle.unit-test";
		};
/* End PBXNativeTarget section */

/* Begin PBXProject section */
		3621B9CD22530C0F003F0464 /* Project object */ = {
			isa = PBXProject;
			attributes = {
				LastSwiftUpdateCheck = 1020;
				LastUpgradeCheck = 1020;
				ORGANIZATIONNAME = jinuman;
				TargetAttributes = {
					3621B9D422530C0F003F0464 = {
						CreatedOnToolsVersion = 10.2;
					};
					3621B9E822530C10003F0464 = {
						CreatedOnToolsVersion = 10.2;
						TestTargetID = 3621B9D422530C0F003F0464;
					};
				};
			};
			buildConfigurationList = 3621B9D022530C0F003F0464 /* Build configuration list for PBXProject "MyFlickrPhotos" */;
			compatibilityVersion = "Xcode 9.3";
			developmentRegion = en;
			hasScannedForEncodings = 0;
			knownRegions = (
				en,
				Base,
			);
			mainGroup = 3621B9CC22530C0F003F0464;
			productRefGroup = 3621B9D622530C0F003F0464 /* Products */;
			projectDirPath = "";
			projectRoot = "";
			targets = (
				3621B9D422530C0F003F0464 /* MyFlickrPhotos */,
				3621B9E822530C10003F0464 /* MyFlickrPhotosTests */,
			);
		};
/* End PBXProject section */

/* Begin PBXResourcesBuildPhase section */
		3621B9D322530C0F003F0464 /* Resources */ = {
			isa = PBXResourcesBuildPhase;
			buildActionMask = 2147483647;
			files = (
				3621B9E322530C10003F0464 /* LaunchScreen.storyboard in Resources */,
				3621B9E022530C10003F0464 /* Assets.xcassets in Resources */,
			);
			runOnlyForDeploymentPostprocessing = 0;
		};
		3621B9E722530C10003F0464 /* Resources */ = {
			isa = PBXResourcesBuildPhase;
			buildActionMask = 2147483647;
			files = (
			);
			runOnlyForDeploymentPostprocessing = 0;
		};
/* End PBXResourcesBuildPhase section */

/* Begin PBXSourcesBuildPhase section */
		3621B9D122530C0F003F0464 /* Sources */ = {
			isa = PBXSourcesBuildPhase;
			buildActionMask = 2147483647;
			files = (
				3621B9F922530CF3003F0464 /* PhotoController.swift in Sources */,
				3621BA0922531385003F0464 /* PhotoCell.swift in Sources */,
				3621BA0722531367003F0464 /* PhotoCellViewModel.swift in Sources */,
				3621B9FF22531163003F0464 /* FlickrConfig.swift in Sources */,
				3621BA0522531334003F0464 /* PhotoViewModel.swift in Sources */,
				3621B9D922530C0F003F0464 /* AppDelegate.swift in Sources */,
				3621BA0B225313B6003F0464 /* UIKit+MyFlickrPhotos.swift in Sources */,
				3621B9FB225310FA003F0464 /* Service.swift in Sources */,
				3621BA0122531182003F0464 /* Flickr.swift in Sources */,
				3621B9FD22531141003F0464 /* Constants.swift in Sources */,
			);
			runOnlyForDeploymentPostprocessing = 0;
		};
		3621B9E522530C10003F0464 /* Sources */ = {
			isa = PBXSourcesBuildPhase;
			buildActionMask = 2147483647;
			files = (
				3621B9EE22530C10003F0464 /* MyFlickrPhotosTests.swift in Sources */,
			);
			runOnlyForDeploymentPostprocessing = 0;
		};
/* End PBXSourcesBuildPhase section */

/* Begin PBXTargetDependency section */
		3621B9EB22530C10003F0464 /* PBXTargetDependency */ = {
			isa = PBXTargetDependency;
			target = 3621B9D422530C0F003F0464 /* MyFlickrPhotos */;
			targetProxy = 3621B9EA22530C10003F0464 /* PBXContainerItemProxy */;
		};
/* End PBXTargetDependency section */

/* Begin PBXVariantGroup section */
		3621B9E122530C10003F0464 /* LaunchScreen.storyboard */ = {
			isa = PBXVariantGroup;
			children = (
				3621B9E222530C10003F0464 /* Base */,
			);
			name = LaunchScreen.storyboard;
			sourceTree = "<group>";
		};
/* End PBXVariantGroup section */

/* Begin XCBuildConfiguration section */
		3621B9F022530C10003F0464 /* Debug */ = {
			isa = XCBuildConfiguration;
			buildSettings = {
				ALWAYS_SEARCH_USER_PATHS = NO;
				CLANG_ANALYZER_NONNULL = YES;
				CLANG_ANALYZER_NUMBER_OBJECT_CONVERSION = YES_AGGRESSIVE;
				CLANG_CXX_LANGUAGE_STANDARD = "gnu++14";
				CLANG_CXX_LIBRARY = "libc++";
				CLANG_ENABLE_MODULES = YES;
				CLANG_ENABLE_OBJC_ARC = YES;
				CLANG_ENABLE_OBJC_WEAK = YES;
				CLANG_WARN_BLOCK_CAPTURE_AUTORELEASING = YES;
				CLANG_WARN_BOOL_CONVERSION = YES;
				CLANG_WARN_COMMA = YES;
				CLANG_WARN_CONSTANT_CONVERSION = YES;
				CLANG_WARN_DEPRECATED_OBJC_IMPLEMENTATIONS = YES;
				CLANG_WARN_DIRECT_OBJC_ISA_USAGE = YES_ERROR;
				CLANG_WARN_DOCUMENTATION_COMMENTS = YES;
				CLANG_WARN_EMPTY_BODY = YES;
				CLANG_WARN_ENUM_CONVERSION = YES;
				CLANG_WARN_INFINITE_RECURSION = YES;
				CLANG_WARN_INT_CONVERSION = YES;
				CLANG_WARN_NON_LITERAL_NULL_CONVERSION = YES;
				CLANG_WARN_OBJC_IMPLICIT_RETAIN_SELF = YES;
				CLANG_WARN_OBJC_LITERAL_CONVERSION = YES;
				CLANG_WARN_OBJC_ROOT_CLASS = YES_ERROR;
				CLANG_WARN_RANGE_LOOP_ANALYSIS = YES;
				CLANG_WARN_STRICT_PROTOTYPES = YES;
				CLANG_WARN_SUSPICIOUS_MOVE = YES;
				CLANG_WARN_UNGUARDED_AVAILABILITY = YES_AGGRESSIVE;
				CLANG_WARN_UNREACHABLE_CODE = YES;
				CLANG_WARN__DUPLICATE_METHOD_MATCH = YES;
				CODE_SIGN_IDENTITY = "iPhone Developer";
				COPY_PHASE_STRIP = NO;
				DEBUG_INFORMATION_FORMAT = dwarf;
				ENABLE_STRICT_OBJC_MSGSEND = YES;
				ENABLE_TESTABILITY = YES;
				GCC_C_LANGUAGE_STANDARD = gnu11;
				GCC_DYNAMIC_NO_PIC = NO;
				GCC_NO_COMMON_BLOCKS = YES;
				GCC_OPTIMIZATION_LEVEL = 0;
				GCC_PREPROCESSOR_DEFINITIONS = (
					"DEBUG=1",
					"$(inherited)",
				);
				GCC_WARN_64_TO_32_BIT_CONVERSION = YES;
				GCC_WARN_ABOUT_RETURN_TYPE = YES_ERROR;
				GCC_WARN_UNDECLARED_SELECTOR = YES;
				GCC_WARN_UNINITIALIZED_AUTOS = YES_AGGRESSIVE;
				GCC_WARN_UNUSED_FUNCTION = YES;
				GCC_WARN_UNUSED_VARIABLE = YES;
				IPHONEOS_DEPLOYMENT_TARGET = 12.2;
				MTL_ENABLE_DEBUG_INFO = INCLUDE_SOURCE;
				MTL_FAST_MATH = YES;
				ONLY_ACTIVE_ARCH = YES;
				SDKROOT = iphoneos;
				SWIFT_ACTIVE_COMPILATION_CONDITIONS = DEBUG;
				SWIFT_OPTIMIZATION_LEVEL = "-Onone";
			};
			name = Debug;
		};
		3621B9F122530C10003F0464 /* Release */ = {
			isa = XCBuildConfiguration;
			buildSettings = {
				ALWAYS_SEARCH_USER_PATHS = NO;
				CLANG_ANALYZER_NONNULL = YES;
				CLANG_ANALYZER_NUMBER_OBJECT_CONVERSION = YES_AGGRESSIVE;
				CLANG_CXX_LANGUAGE_STANDARD = "gnu++14";
				CLANG_CXX_LIBRARY = "libc++";
				CLANG_ENABLE_MODULES = YES;
				CLANG_ENABLE_OBJC_ARC = YES;
				CLANG_ENABLE_OBJC_WEAK = YES;
				CLANG_WARN_BLOCK_CAPTURE_AUTORELEASING = YES;
				CLANG_WARN_BOOL_CONVERSION = YES;
				CLANG_WARN_COMMA = YES;
				CLANG_WARN_CONSTANT_CONVERSION = YES;
				CLANG_WARN_DEPRECATED_OBJC_IMPLEMENTATIONS = YES;
				CLANG_WARN_DIRECT_OBJC_ISA_USAGE = YES_ERROR;
				CLANG_WARN_DOCUMENTATION_COMMENTS = YES;
				CLANG_WARN_EMPTY_BODY = YES;
				CLANG_WARN_ENUM_CONVERSION = YES;
				CLANG_WARN_INFINITE_RECURSION = YES;
				CLANG_WARN_INT_CONVERSION = YES;
				CLANG_WARN_NON_LITERAL_NULL_CONVERSION = YES;
				CLANG_WARN_OBJC_IMPLICIT_RETAIN_SELF = YES;
				CLANG_WARN_OBJC_LITERAL_CONVERSION = YES;
				CLANG_WARN_OBJC_ROOT_CLASS = YES_ERROR;
				CLANG_WARN_RANGE_LOOP_ANALYSIS = YES;
				CLANG_WARN_STRICT_PROTOTYPES = YES;
				CLANG_WARN_SUSPICIOUS_MOVE = YES;
				CLANG_WARN_UNGUARDED_AVAILABILITY = YES_AGGRESSIVE;
				CLANG_WARN_UNREACHABLE_CODE = YES;
				CLANG_WARN__DUPLICATE_METHOD_MATCH = YES;
				CODE_SIGN_IDENTITY = "iPhone Developer";
				COPY_PHASE_STRIP = NO;
				DEBUG_INFORMATION_FORMAT = "dwarf-with-dsym";
				ENABLE_NS_ASSERTIONS = NO;
				ENABLE_STRICT_OBJC_MSGSEND = YES;
				GCC_C_LANGUAGE_STANDARD = gnu11;
				GCC_NO_COMMON_BLOCKS = YES;
				GCC_WARN_64_TO_32_BIT_CONVERSION = YES;
				GCC_WARN_ABOUT_RETURN_TYPE = YES_ERROR;
				GCC_WARN_UNDECLARED_SELECTOR = YES;
				GCC_WARN_UNINITIALIZED_AUTOS = YES_AGGRESSIVE;
				GCC_WARN_UNUSED_FUNCTION = YES;
				GCC_WARN_UNUSED_VARIABLE = YES;
				IPHONEOS_DEPLOYMENT_TARGET = 12.2;
				MTL_ENABLE_DEBUG_INFO = NO;
				MTL_FAST_MATH = YES;
				SDKROOT = iphoneos;
				SWIFT_COMPILATION_MODE = wholemodule;
				SWIFT_OPTIMIZATION_LEVEL = "-O";
				VALIDATE_PRODUCT = YES;
			};
			name = Release;
		};
		3621B9F322530C10003F0464 /* Debug */ = {
			isa = XCBuildConfiguration;
			buildSettings = {
				ASSETCATALOG_COMPILER_APPICON_NAME = AppIcon;
				CODE_SIGN_STYLE = Automatic;
				DEVELOPMENT_TEAM = K27KLZMF6K;
				INFOPLIST_FILE = "$(SRCROOT)/MyFlickrPhotos/Resources/Info.plist";
				LD_RUNPATH_SEARCH_PATHS = (
					"$(inherited)",
					"@executable_path/Frameworks",
				);
				PRODUCT_BUNDLE_IDENTIFIER = com.jinuman.MyFlickrPhotos;
				PRODUCT_NAME = "$(TARGET_NAME)";
				SWIFT_VERSION = 5.0;
				TARGETED_DEVICE_FAMILY = "1,2";
			};
			name = Debug;
		};
		3621B9F422530C10003F0464 /* Release */ = {
			isa = XCBuildConfiguration;
			buildSettings = {
				ASSETCATALOG_COMPILER_APPICON_NAME = AppIcon;
				CODE_SIGN_STYLE = Automatic;
				DEVELOPMENT_TEAM = K27KLZMF6K;
				INFOPLIST_FILE = "$(SRCROOT)/MyFlickrPhotos/Resources/Info.plist";
				LD_RUNPATH_SEARCH_PATHS = (
					"$(inherited)",
					"@executable_path/Frameworks",
				);
				PRODUCT_BUNDLE_IDENTIFIER = com.jinuman.MyFlickrPhotos;
				PRODUCT_NAME = "$(TARGET_NAME)";
				SWIFT_VERSION = 5.0;
				TARGETED_DEVICE_FAMILY = "1,2";
			};
			name = Release;
		};
		3621B9F622530C10003F0464 /* Debug */ = {
			isa = XCBuildConfiguration;
			buildSettings = {
				ALWAYS_EMBED_SWIFT_STANDARD_LIBRARIES = YES;
				BUNDLE_LOADER = "$(TEST_HOST)";
				CODE_SIGN_STYLE = Automatic;
				DEVELOPMENT_TEAM = K27KLZMF6K;
				INFOPLIST_FILE = MyFlickrPhotosTests/Info.plist;
				LD_RUNPATH_SEARCH_PATHS = (
					"$(inherited)",
					"@executable_path/Frameworks",
					"@loader_path/Frameworks",
				);
				PRODUCT_BUNDLE_IDENTIFIER = com.jinuman.MyFlickrPhotosTests;
				PRODUCT_NAME = "$(TARGET_NAME)";
				SWIFT_VERSION = 5.0;
				TARGETED_DEVICE_FAMILY = "1,2";
				TEST_HOST = "$(BUILT_PRODUCTS_DIR)/MyFlickrPhotos.app/MyFlickrPhotos";
			};
			name = Debug;
		};
		3621B9F722530C10003F0464 /* Release */ = {
			isa = XCBuildConfiguration;
			buildSettings = {
				ALWAYS_EMBED_SWIFT_STANDARD_LIBRARIES = YES;
				BUNDLE_LOADER = "$(TEST_HOST)";
				CODE_SIGN_STYLE = Automatic;
				DEVELOPMENT_TEAM = K27KLZMF6K;
				INFOPLIST_FILE = MyFlickrPhotosTests/Info.plist;
				LD_RUNPATH_SEARCH_PATHS = (
					"$(inherited)",
					"@executable_path/Frameworks",
					"@loader_path/Frameworks",
				);
				PRODUCT_BUNDLE_IDENTIFIER = com.jinuman.MyFlickrPhotosTests;
				PRODUCT_NAME = "$(TARGET_NAME)";
				SWIFT_VERSION = 5.0;
				TARGETED_DEVICE_FAMILY = "1,2";
				TEST_HOST = "$(BUILT_PRODUCTS_DIR)/MyFlickrPhotos.app/MyFlickrPhotos";
			};
			name = Release;
		};
/* End XCBuildConfiguration section */

/* Begin XCConfigurationList section */
		3621B9D022530C0F003F0464 /* Build configuration list for PBXProject "MyFlickrPhotos" */ = {
			isa = XCConfigurationList;
			buildConfigurations = (
				3621B9F022530C10003F0464 /* Debug */,
				3621B9F122530C10003F0464 /* Release */,
			);
			defaultConfigurationIsVisible = 0;
			defaultConfigurationName = Release;
		};
		3621B9F222530C10003F0464 /* Build configuration list for PBXNativeTarget "MyFlickrPhotos" */ = {
			isa = XCConfigurationList;
			buildConfigurations = (
				3621B9F322530C10003F0464 /* Debug */,
				3621B9F422530C10003F0464 /* Release */,
			);
			defaultConfigurationIsVisible = 0;
			defaultConfigurationName = Release;
		};
		3621B9F522530C10003F0464 /* Build configuration list for PBXNativeTarget "MyFlickrPhotosTests" */ = {
			isa = XCConfigurationList;
			buildConfigurations = (
				3621B9F622530C10003F0464 /* Debug */,
				3621B9F722530C10003F0464 /* Release */,
			);
			defaultConfigurationIsVisible = 0;
			defaultConfigurationName = Release;
		};
/* End XCConfigurationList section */
	};
	rootObject = 3621B9CD22530C0F003F0464 /* Project object */;
}
