// !$*UTF8*$!
{
	archiveVersion = 1;
	classes = {
	};
	objectVersion = 50;
	objects = {

/* Begin PBXBuildFile section */
		0B7A99D10B4184A7547A9027 /* PhotoSearchController.swift in Sources */ = {isa = PBXBuildFile; fileRef = 75B1D6C9D7BAAB8593235BA9 /* PhotoSearchController.swift */; };
		19CE1694BFB3D477930CD026 /* UIKit+MyFlickrPhotos.swift in Sources */ = {isa = PBXBuildFile; fileRef = 9DC86BEA449AF5F3A9D96D08 /* UIKit+MyFlickrPhotos.swift */; };
		39DA938C5E728EA9852EC7F3 /* PhotoDetailController.swift in Sources */ = {isa = PBXBuildFile; fileRef = 9538AA54A9E7CD75BDCAE18D /* PhotoDetailController.swift */; };
		3DEB52F1DBA5CF20531920E1 /* flickr.json in Resources */ = {isa = PBXBuildFile; fileRef = 2FF9F4BE25866B3D35A1C8DD /* flickr.json */; };
		5886A7CF406E333B655527F7 /* Assets+PhotoSearcher.swift in Sources */ = {isa = PBXBuildFile; fileRef = D35996C1191F4796DC697DF4 /* Assets+PhotoSearcher.swift */; };
		63C9DF8EA14322E67729F02E /* AppDelegate.swift in Sources */ = {isa = PBXBuildFile; fileRef = 41EF841731FE46736E144A6A /* AppDelegate.swift */; };
		70C7F0A79F030E6F3781A3FF /* Assets.xcassets in Resources */ = {isa = PBXBuildFile; fileRef = 1F32C8F05EE8FBF921F2959A /* Assets.xcassets */; };
		75BDABD2E3B0C02EDB9DBDEB /* Flickr.swift in Sources */ = {isa = PBXBuildFile; fileRef = EE5021165603735C42801003 /* Flickr.swift */; };
		8A187245B7DE05FDFC7777FA /* PhotoCell.swift in Sources */ = {isa = PBXBuildFile; fileRef = EAAB30FBC4B83537B90B9B47 /* PhotoCell.swift */; };
		8C05756DC952E09070D82D18 /* Bundle+PhotoSearcher.swift in Sources */ = {isa = PBXBuildFile; fileRef = E806D3BC71DEABB09746D5D2 /* Bundle+PhotoSearcher.swift */; };
		91015D0D16B6F2BE8590D65B /* PhotoDetailViewModel.swift in Sources */ = {isa = PBXBuildFile; fileRef = DCB3F149AC2C0465B493844D /* PhotoDetailViewModel.swift */; };
		9955E62FEC7B559B47F1FF83 /* PhotoSearcherTests.swift in Sources */ = {isa = PBXBuildFile; fileRef = 14E0FDA202C4D5B4A153BFBB /* PhotoSearcherTests.swift */; };
		9B487EC194BFF887D57C5731 /* Constants.swift in Sources */ = {isa = PBXBuildFile; fileRef = B06D46EE973E291B08E43119 /* Constants.swift */; };
		DC9D39A64C7167764149F2B2 /* PhotoSearchViewModel.swift in Sources */ = {isa = PBXBuildFile; fileRef = 7573D4840EAA5DDB9ADB6997 /* PhotoSearchViewModel.swift */; };
		E3FD228082E403D30E95A965 /* FlickrConfig.swift in Sources */ = {isa = PBXBuildFile; fileRef = CD37C28FD7578501828B1BFB /* FlickrConfig.swift */; };
		F37F48E002F43931FFF80500 /* FlickrAPI.swift in Sources */ = {isa = PBXBuildFile; fileRef = 8C8180991B91CB794CED1624 /* FlickrAPI.swift */; };
/* End PBXBuildFile section */

/* Begin PBXContainerItemProxy section */
		A785B427B044378F25745AD1 /* PBXContainerItemProxy */ = {
			isa = PBXContainerItemProxy;
			containerPortal = 6B27B8CB402313E7EA05BD02 /* Project object */;
			proxyType = 1;
			remoteGlobalIDString = A797BD92BC00AD2AB2BE5758;
			remoteInfo = PhotoSearcher;
		};
/* End PBXContainerItemProxy section */

/* Begin PBXCopyFilesBuildPhase section */
		254AF2F6D03EAFA9764AC420 /* Embed Frameworks */ = {
			isa = PBXCopyFilesBuildPhase;
			buildActionMask = 2147483647;
			dstPath = "";
			dstSubfolderSpec = 10;
			files = (
			);
			name = "Embed Frameworks";
			runOnlyForDeploymentPostprocessing = 0;
		};
		A4A5F1674AE23C606BDEA04D /* Embed Frameworks */ = {
			isa = PBXCopyFilesBuildPhase;
			buildActionMask = 2147483647;
			dstPath = "";
			dstSubfolderSpec = 10;
			files = (
			);
			name = "Embed Frameworks";
			runOnlyForDeploymentPostprocessing = 0;
		};
/* End PBXCopyFilesBuildPhase section */

/* Begin PBXFileReference section */
		14E0FDA202C4D5B4A153BFBB /* PhotoSearcherTests.swift */ = {isa = PBXFileReference; lastKnownFileType = sourcecode.swift; path = PhotoSearcherTests.swift; sourceTree = "<group>"; };
		1F32C8F05EE8FBF921F2959A /* Assets.xcassets */ = {isa = PBXFileReference; lastKnownFileType = folder.assetcatalog; path = Assets.xcassets; sourceTree = "<group>"; };
		2FF9F4BE25866B3D35A1C8DD /* flickr.json */ = {isa = PBXFileReference; lastKnownFileType = text.json; path = flickr.json; sourceTree = "<group>"; };
		41EF841731FE46736E144A6A /* AppDelegate.swift */ = {isa = PBXFileReference; lastKnownFileType = sourcecode.swift; path = AppDelegate.swift; sourceTree = "<group>"; };
		674D7F4E3DED263CC4EB54D9 /* PhotoSearcher-Info.plist */ = {isa = PBXFileReference; lastKnownFileType = text.plist; path = "PhotoSearcher-Info.plist"; sourceTree = "<group>"; };
		7573D4840EAA5DDB9ADB6997 /* PhotoSearchViewModel.swift */ = {isa = PBXFileReference; lastKnownFileType = sourcecode.swift; path = PhotoSearchViewModel.swift; sourceTree = "<group>"; };
		75B1D6C9D7BAAB8593235BA9 /* PhotoSearchController.swift */ = {isa = PBXFileReference; lastKnownFileType = sourcecode.swift; path = PhotoSearchController.swift; sourceTree = "<group>"; };
		859BB3DBC3D9B5F86C6747E0 /* Info.plist */ = {isa = PBXFileReference; lastKnownFileType = text.plist; path = Info.plist; sourceTree = "<group>"; };
		8C8180991B91CB794CED1624 /* FlickrAPI.swift */ = {isa = PBXFileReference; lastKnownFileType = sourcecode.swift; path = FlickrAPI.swift; sourceTree = "<group>"; };
		9538AA54A9E7CD75BDCAE18D /* PhotoDetailController.swift */ = {isa = PBXFileReference; lastKnownFileType = sourcecode.swift; path = PhotoDetailController.swift; sourceTree = "<group>"; };
		982411A6CA26CF5C4AC4EF55 /* PhotoSearcherTests.xctest */ = {isa = PBXFileReference; explicitFileType = wrapper.cfbundle; includeInIndex = 0; path = PhotoSearcherTests.xctest; sourceTree = BUILT_PRODUCTS_DIR; };
		9DC86BEA449AF5F3A9D96D08 /* UIKit+MyFlickrPhotos.swift */ = {isa = PBXFileReference; lastKnownFileType = sourcecode.swift; path = "UIKit+MyFlickrPhotos.swift"; sourceTree = "<group>"; };
		B06D46EE973E291B08E43119 /* Constants.swift */ = {isa = PBXFileReference; lastKnownFileType = sourcecode.swift; path = Constants.swift; sourceTree = "<group>"; };
		B2A0E1D0ED070878BE35BAD0 /* PhotoSearcher.app */ = {isa = PBXFileReference; explicitFileType = wrapper.application; includeInIndex = 0; path = PhotoSearcher.app; sourceTree = BUILT_PRODUCTS_DIR; };
		CD37C28FD7578501828B1BFB /* FlickrConfig.swift */ = {isa = PBXFileReference; lastKnownFileType = sourcecode.swift; path = FlickrConfig.swift; sourceTree = "<group>"; };
		D35996C1191F4796DC697DF4 /* Assets+PhotoSearcher.swift */ = {isa = PBXFileReference; lastKnownFileType = sourcecode.swift; path = "Assets+PhotoSearcher.swift"; sourceTree = "<group>"; };
		DCB3F149AC2C0465B493844D /* PhotoDetailViewModel.swift */ = {isa = PBXFileReference; lastKnownFileType = sourcecode.swift; path = PhotoDetailViewModel.swift; sourceTree = "<group>"; };
		E806D3BC71DEABB09746D5D2 /* Bundle+PhotoSearcher.swift */ = {isa = PBXFileReference; lastKnownFileType = sourcecode.swift; path = "Bundle+PhotoSearcher.swift"; sourceTree = "<group>"; };
		EAAB30FBC4B83537B90B9B47 /* PhotoCell.swift */ = {isa = PBXFileReference; lastKnownFileType = sourcecode.swift; path = PhotoCell.swift; sourceTree = "<group>"; };
		EE5021165603735C42801003 /* Flickr.swift */ = {isa = PBXFileReference; lastKnownFileType = sourcecode.swift; path = Flickr.swift; sourceTree = "<group>"; };
/* End PBXFileReference section */

/* Begin PBXFrameworksBuildPhase section */
		0573C44876D900AE824E7AE5 /* Frameworks */ = {
			isa = PBXFrameworksBuildPhase;
			buildActionMask = 2147483647;
			files = (
			);
			runOnlyForDeploymentPostprocessing = 0;
		};
		2C5ABEF88F11184DB1D81A48 /* Frameworks */ = {
			isa = PBXFrameworksBuildPhase;
			buildActionMask = 2147483647;
			files = (
			);
			runOnlyForDeploymentPostprocessing = 0;
		};
/* End PBXFrameworksBuildPhase section */

/* Begin PBXGroup section */
		11F454D7F0F9DC4CB8CAAD7C /* Shared */ = {
			isa = PBXGroup;
			children = (
				41EF841731FE46736E144A6A /* AppDelegate.swift */,
				B06D46EE973E291B08E43119 /* Constants.swift */,
				8C8180991B91CB794CED1624 /* FlickrAPI.swift */,
				CD37C28FD7578501828B1BFB /* FlickrConfig.swift */,
				9DC86BEA449AF5F3A9D96D08 /* UIKit+MyFlickrPhotos.swift */,
			);
			path = Shared;
			sourceTree = "<group>";
		};
		1534BC10BF7E7674E15D60EC /* Model */ = {
			isa = PBXGroup;
			children = (
				EE5021165603735C42801003 /* Flickr.swift */,
			);
			path = Model;
			sourceTree = "<group>";
		};
		31506800EFE453339ED91B1C = {
			isa = PBXGroup;
			children = (
				472FB12DB2F412EA76106329 /* Project */,
				E58ACD44544CBA06B0A31E9A /* Frameworks */,
				999E9C47772BD9963B24E8ED /* Products */,
			);
			sourceTree = "<group>";
		};
		455D2BE2FAC90E24F164A25C /* Supporting Files */ = {
			isa = PBXGroup;
			children = (
				674D7F4E3DED263CC4EB54D9 /* PhotoSearcher-Info.plist */,
			);
			path = "Supporting Files";
			sourceTree = "<group>";
		};
		472FB12DB2F412EA76106329 /* Project */ = {
			isa = PBXGroup;
			children = (
				5AF33A315AE4B0595111DD28 /* Derived */,
				B42F6DA98977F6B274BBF4FF /* PhotoSearcher */,
				634DC992DF380640F594399D /* PhotoSearcherTests */,
			);
			name = Project;
			sourceTree = "<group>";
		};
		5AF33A315AE4B0595111DD28 /* Derived */ = {
			isa = PBXGroup;
			children = (
				D633B0EE30C9E8EB42E5E9C0 /* Sources */,
			);
			path = Derived;
			sourceTree = "<group>";
		};
		634DC992DF380640F594399D /* PhotoSearcherTests */ = {
			isa = PBXGroup;
			children = (
				859BB3DBC3D9B5F86C6747E0 /* Info.plist */,
				14E0FDA202C4D5B4A153BFBB /* PhotoSearcherTests.swift */,
			);
			path = PhotoSearcherTests;
			sourceTree = "<group>";
		};
		79DBBFD8402278A6DE90E17D /* PhotoDetail */ = {
			isa = PBXGroup;
			children = (
				9538AA54A9E7CD75BDCAE18D /* PhotoDetailController.swift */,
				DCB3F149AC2C0465B493844D /* PhotoDetailViewModel.swift */,
			);
			path = PhotoDetail;
			sourceTree = "<group>";
		};
		999E9C47772BD9963B24E8ED /* Products */ = {
			isa = PBXGroup;
			children = (
				B2A0E1D0ED070878BE35BAD0 /* PhotoSearcher.app */,
				982411A6CA26CF5C4AC4EF55 /* PhotoSearcherTests.xctest */,
			);
			name = Products;
			sourceTree = "<group>";
		};
		B42F6DA98977F6B274BBF4FF /* PhotoSearcher */ = {
			isa = PBXGroup;
			children = (
				BFB0654F215B2205B7FAAABD /* Resources */,
				B65A0C2E4D0E697866D680D6 /* Sources */,
				455D2BE2FAC90E24F164A25C /* Supporting Files */,
			);
			path = PhotoSearcher;
			sourceTree = "<group>";
		};
		B65A0C2E4D0E697866D680D6 /* Sources */ = {
			isa = PBXGroup;
			children = (
				1534BC10BF7E7674E15D60EC /* Model */,
				79DBBFD8402278A6DE90E17D /* PhotoDetail */,
				CE39525909454EEBA5BEEA32 /* PhotoSearch */,
				11F454D7F0F9DC4CB8CAAD7C /* Shared */,
			);
			path = Sources;
			sourceTree = "<group>";
		};
		BFB0654F215B2205B7FAAABD /* Resources */ = {
			isa = PBXGroup;
			children = (
				1F32C8F05EE8FBF921F2959A /* Assets.xcassets */,
				2FF9F4BE25866B3D35A1C8DD /* flickr.json */,
			);
			path = Resources;
			sourceTree = "<group>";
		};
		CE39525909454EEBA5BEEA32 /* PhotoSearch */ = {
			isa = PBXGroup;
			children = (
				EAAB30FBC4B83537B90B9B47 /* PhotoCell.swift */,
				75B1D6C9D7BAAB8593235BA9 /* PhotoSearchController.swift */,
				7573D4840EAA5DDB9ADB6997 /* PhotoSearchViewModel.swift */,
			);
			path = PhotoSearch;
			sourceTree = "<group>";
		};
		D633B0EE30C9E8EB42E5E9C0 /* Sources */ = {
			isa = PBXGroup;
			children = (
				D35996C1191F4796DC697DF4 /* Assets+PhotoSearcher.swift */,
				E806D3BC71DEABB09746D5D2 /* Bundle+PhotoSearcher.swift */,
			);
			path = Sources;
			sourceTree = "<group>";
		};
		E58ACD44544CBA06B0A31E9A /* Frameworks */ = {
			isa = PBXGroup;
			children = (
			);
			name = Frameworks;
			sourceTree = "<group>";
		};
/* End PBXGroup section */

/* Begin PBXNativeTarget section */
		75B0A81DBC32FB310C78CB76 /* PhotoSearcherTests */ = {
			isa = PBXNativeTarget;
			buildConfigurationList = 2C12C2488FA52DDAB4AC755D /* Build configuration list for PBXNativeTarget "PhotoSearcherTests" */;
			buildPhases = (
				F9B2E927292AD4CA62064BB2 /* Sources */,
				B6103C6D1572F1E0321F39EB /* Resources */,
				91456A2C323F6563495DCAF4 /* Embed Precompiled Frameworks */,
				254AF2F6D03EAFA9764AC420 /* Embed Frameworks */,
				2C5ABEF88F11184DB1D81A48 /* Frameworks */,
			);
			buildRules = (
			);
			dependencies = (
				26FC28304AB338A09C24E562 /* PBXTargetDependency */,
			);
			name = PhotoSearcherTests;
			productName = PhotoSearcherTests;
			productReference = 982411A6CA26CF5C4AC4EF55 /* PhotoSearcherTests.xctest */;
			productType = "com.apple.product-type.bundle.unit-test";
		};
		A797BD92BC00AD2AB2BE5758 /* PhotoSearcher */ = {
			isa = PBXNativeTarget;
			buildConfigurationList = 744AD38FF414D272BCF2BA5F /* Build configuration list for PBXNativeTarget "PhotoSearcher" */;
			buildPhases = (
				B23277F6E5EED8F3BFFDF3CF /* Sources */,
				9E0C07ECD9958A7F7A6FA05D /* Resources */,
				E944245EB922E2D1EEA805E0 /* Embed Precompiled Frameworks */,
				A4A5F1674AE23C606BDEA04D /* Embed Frameworks */,
				0573C44876D900AE824E7AE5 /* Frameworks */,
			);
			buildRules = (
			);
			dependencies = (
			);
			name = PhotoSearcher;
			productName = PhotoSearcher;
			productReference = B2A0E1D0ED070878BE35BAD0 /* PhotoSearcher.app */;
			productType = "com.apple.product-type.application";
		};
/* End PBXNativeTarget section */

/* Begin PBXProject section */
		6B27B8CB402313E7EA05BD02 /* Project object */ = {
			isa = PBXProject;
			attributes = {
				TargetAttributes = {
					75B0A81DBC32FB310C78CB76 = {
						TestTargetID = A797BD92BC00AD2AB2BE5758;
					};
				};
			};
			buildConfigurationList = 9D0F1A2A7D5E1DFC07AFB6F6 /* Build configuration list for PBXProject "PhotoSearcher" */;
			compatibilityVersion = "Xcode 9.3";
			developmentRegion = en;
			hasScannedForEncodings = 0;
			knownRegions = (
				Base,
				en,
			);
			mainGroup = 31506800EFE453339ED91B1C;
			productRefGroup = 999E9C47772BD9963B24E8ED /* Products */;
			projectDirPath = "";
			projectRoot = "";
			targets = (
				A797BD92BC00AD2AB2BE5758 /* PhotoSearcher */,
				75B0A81DBC32FB310C78CB76 /* PhotoSearcherTests */,
			);
		};
/* End PBXProject section */

/* Begin PBXResourcesBuildPhase section */
		9E0C07ECD9958A7F7A6FA05D /* Resources */ = {
			isa = PBXResourcesBuildPhase;
			buildActionMask = 2147483647;
			files = (
				70C7F0A79F030E6F3781A3FF /* Assets.xcassets in Resources */,
				3DEB52F1DBA5CF20531920E1 /* flickr.json in Resources */,
			);
			runOnlyForDeploymentPostprocessing = 0;
		};
		B6103C6D1572F1E0321F39EB /* Resources */ = {
			isa = PBXResourcesBuildPhase;
			buildActionMask = 2147483647;
			files = (
			);
			runOnlyForDeploymentPostprocessing = 0;
		};
/* End PBXResourcesBuildPhase section */

/* Begin PBXShellScriptBuildPhase section */
		91456A2C323F6563495DCAF4 /* Embed Precompiled Frameworks */ = {
			isa = PBXShellScriptBuildPhase;
			buildActionMask = 2147483647;
			files = (
			);
			inputPaths = (
			);
			name = "Embed Precompiled Frameworks";
			outputPaths = (
			);
			runOnlyForDeploymentPostprocessing = 0;
			shellPath = /bin/sh;
			shellScript = "echo \"Skipping, nothing to be embedded.\"";
		};
		E944245EB922E2D1EEA805E0 /* Embed Precompiled Frameworks */ = {
			isa = PBXShellScriptBuildPhase;
			buildActionMask = 2147483647;
			files = (
			);
			inputPaths = (
			);
			name = "Embed Precompiled Frameworks";
			outputPaths = (
			);
			runOnlyForDeploymentPostprocessing = 0;
			shellPath = /bin/sh;
			shellScript = "echo \"Skipping, nothing to be embedded.\"";
		};
/* End PBXShellScriptBuildPhase section */

/* Begin PBXSourcesBuildPhase section */
		B23277F6E5EED8F3BFFDF3CF /* Sources */ = {
			isa = PBXSourcesBuildPhase;
			buildActionMask = 2147483647;
			files = (
				5886A7CF406E333B655527F7 /* Assets+PhotoSearcher.swift in Sources */,
				8C05756DC952E09070D82D18 /* Bundle+PhotoSearcher.swift in Sources */,
				75BDABD2E3B0C02EDB9DBDEB /* Flickr.swift in Sources */,
				39DA938C5E728EA9852EC7F3 /* PhotoDetailController.swift in Sources */,
				91015D0D16B6F2BE8590D65B /* PhotoDetailViewModel.swift in Sources */,
				8A187245B7DE05FDFC7777FA /* PhotoCell.swift in Sources */,
				0B7A99D10B4184A7547A9027 /* PhotoSearchController.swift in Sources */,
				DC9D39A64C7167764149F2B2 /* PhotoSearchViewModel.swift in Sources */,
				63C9DF8EA14322E67729F02E /* AppDelegate.swift in Sources */,
				9B487EC194BFF887D57C5731 /* Constants.swift in Sources */,
				F37F48E002F43931FFF80500 /* FlickrAPI.swift in Sources */,
				E3FD228082E403D30E95A965 /* FlickrConfig.swift in Sources */,
				19CE1694BFB3D477930CD026 /* UIKit+MyFlickrPhotos.swift in Sources */,
			);
			runOnlyForDeploymentPostprocessing = 0;
		};
		F9B2E927292AD4CA62064BB2 /* Sources */ = {
			isa = PBXSourcesBuildPhase;
			buildActionMask = 2147483647;
			files = (
				9955E62FEC7B559B47F1FF83 /* PhotoSearcherTests.swift in Sources */,
			);
			runOnlyForDeploymentPostprocessing = 0;
		};
/* End PBXSourcesBuildPhase section */

/* Begin PBXTargetDependency section */
		26FC28304AB338A09C24E562 /* PBXTargetDependency */ = {
			isa = PBXTargetDependency;
			name = PhotoSearcher;
			target = A797BD92BC00AD2AB2BE5758 /* PhotoSearcher */;
			targetProxy = A785B427B044378F25745AD1 /* PBXContainerItemProxy */;
		};
/* End PBXTargetDependency section */

/* Begin XCBuildConfiguration section */
		137A50D8BDAFB5E11FCA4E8C /* Debug */ = {
			isa = XCBuildConfiguration;
			buildSettings = {
				ALWAYS_SEARCH_USER_PATHS = NO;
				CLANG_ANALYZER_NONNULL = YES;
				CLANG_ANALYZER_NUMBER_OBJECT_CONVERSION = YES_AGGRESSIVE;
				CLANG_CXX_LANGUAGE_STANDARD = "gnu++14";
				CLANG_CXX_LIBRARY = "libc++";
				CLANG_ENABLE_MODULES = YES;
				CLANG_ENABLE_OBJC_ARC = YES;
				CLANG_ENABLE_OBJC_WEAK = YES;
				CLANG_WARN_BLOCK_CAPTURE_AUTORELEASING = YES;
				CLANG_WARN_BOOL_CONVERSION = YES;
				CLANG_WARN_COMMA = YES;
				CLANG_WARN_CONSTANT_CONVERSION = YES;
				CLANG_WARN_DEPRECATED_OBJC_IMPLEMENTATIONS = YES;
				CLANG_WARN_DIRECT_OBJC_ISA_USAGE = YES_ERROR;
				CLANG_WARN_DOCUMENTATION_COMMENTS = YES;
				CLANG_WARN_EMPTY_BODY = YES;
				CLANG_WARN_ENUM_CONVERSION = YES;
				CLANG_WARN_INFINITE_RECURSION = YES;
				CLANG_WARN_INT_CONVERSION = YES;
				CLANG_WARN_NON_LITERAL_NULL_CONVERSION = YES;
				CLANG_WARN_OBJC_IMPLICIT_RETAIN_SELF = YES;
				CLANG_WARN_OBJC_LITERAL_CONVERSION = YES;
				CLANG_WARN_OBJC_ROOT_CLASS = YES_ERROR;
				CLANG_WARN_RANGE_LOOP_ANALYSIS = YES;
				CLANG_WARN_STRICT_PROTOTYPES = YES;
				CLANG_WARN_SUSPICIOUS_MOVE = YES;
				CLANG_WARN_UNGUARDED_AVAILABILITY = YES_AGGRESSIVE;
				CLANG_WARN_UNREACHABLE_CODE = YES;
				CLANG_WARN__DUPLICATE_METHOD_MATCH = YES;
				COPY_PHASE_STRIP = NO;
				DEBUG_INFORMATION_FORMAT = dwarf;
				ENABLE_STRICT_OBJC_MSGSEND = YES;
				ENABLE_TESTABILITY = YES;
				GCC_C_LANGUAGE_STANDARD = gnu11;
				GCC_DYNAMIC_NO_PIC = NO;
				GCC_NO_COMMON_BLOCKS = YES;
				GCC_OPTIMIZATION_LEVEL = 0;
				GCC_PREPROCESSOR_DEFINITIONS = (
					"DEBUG=1",
					"$(inherited)",
				);
				GCC_WARN_64_TO_32_BIT_CONVERSION = YES;
				GCC_WARN_ABOUT_RETURN_TYPE = YES_ERROR;
				GCC_WARN_UNDECLARED_SELECTOR = YES;
				GCC_WARN_UNINITIALIZED_AUTOS = YES_AGGRESSIVE;
				GCC_WARN_UNUSED_FUNCTION = YES;
				GCC_WARN_UNUSED_VARIABLE = YES;
				MTL_ENABLE_DEBUG_INFO = YES;
				ONLY_ACTIVE_ARCH = YES;
				PRODUCT_NAME = "$(TARGET_NAME)";
			};
			name = Debug;
		};
		263E1D37256B4A20B84573A6 /* Release */ = {
			isa = XCBuildConfiguration;
			buildSettings = {
				ALWAYS_SEARCH_USER_PATHS = NO;
				CLANG_ANALYZER_NONNULL = YES;
				CLANG_ANALYZER_NUMBER_OBJECT_CONVERSION = YES_AGGRESSIVE;
				CLANG_CXX_LANGUAGE_STANDARD = "gnu++14";
				CLANG_CXX_LIBRARY = "libc++";
				CLANG_ENABLE_MODULES = YES;
				CLANG_ENABLE_OBJC_ARC = YES;
				CLANG_ENABLE_OBJC_WEAK = YES;
				CLANG_WARN_BLOCK_CAPTURE_AUTORELEASING = YES;
				CLANG_WARN_BOOL_CONVERSION = YES;
				CLANG_WARN_COMMA = YES;
				CLANG_WARN_CONSTANT_CONVERSION = YES;
				CLANG_WARN_DEPRECATED_OBJC_IMPLEMENTATIONS = YES;
				CLANG_WARN_DIRECT_OBJC_ISA_USAGE = YES_ERROR;
				CLANG_WARN_DOCUMENTATION_COMMENTS = YES;
				CLANG_WARN_EMPTY_BODY = YES;
				CLANG_WARN_ENUM_CONVERSION = YES;
				CLANG_WARN_INFINITE_RECURSION = YES;
				CLANG_WARN_INT_CONVERSION = YES;
				CLANG_WARN_NON_LITERAL_NULL_CONVERSION = YES;
				CLANG_WARN_OBJC_IMPLICIT_RETAIN_SELF = YES;
				CLANG_WARN_OBJC_LITERAL_CONVERSION = YES;
				CLANG_WARN_OBJC_ROOT_CLASS = YES_ERROR;
				CLANG_WARN_RANGE_LOOP_ANALYSIS = YES;
				CLANG_WARN_STRICT_PROTOTYPES = YES;
				CLANG_WARN_SUSPICIOUS_MOVE = YES;
				CLANG_WARN_UNGUARDED_AVAILABILITY = YES_AGGRESSIVE;
				CLANG_WARN_UNREACHABLE_CODE = YES;
				CLANG_WARN__DUPLICATE_METHOD_MATCH = YES;
				COPY_PHASE_STRIP = NO;
				DEBUG_INFORMATION_FORMAT = "dwarf-with-dsym";
				ENABLE_NS_ASSERTIONS = NO;
				ENABLE_STRICT_OBJC_MSGSEND = YES;
				GCC_C_LANGUAGE_STANDARD = gnu11;
				GCC_NO_COMMON_BLOCKS = YES;
				GCC_WARN_64_TO_32_BIT_CONVERSION = YES;
				GCC_WARN_ABOUT_RETURN_TYPE = YES_ERROR;
				GCC_WARN_UNDECLARED_SELECTOR = YES;
				GCC_WARN_UNINITIALIZED_AUTOS = YES_AGGRESSIVE;
				GCC_WARN_UNUSED_FUNCTION = YES;
				GCC_WARN_UNUSED_VARIABLE = YES;
				MTL_ENABLE_DEBUG_INFO = NO;
				PRODUCT_NAME = "$(TARGET_NAME)";
				VALIDATE_PRODUCT = YES;
			};
			name = Release;
		};
		AAA84EA1675966231C9A6012 /* Debug */ = {
			isa = XCBuildConfiguration;
			buildSettings = {
				ASSETCATALOG_COMPILER_APPICON_NAME = AppIcon;
				CODE_SIGN_IDENTITY = "iPhone Developer";
				ENABLE_PREVIEWS = YES;
				INFOPLIST_FILE = "PhotoSearcher/Supporting Files/PhotoSearcher-Info.plist";
				LD_RUNPATH_SEARCH_PATHS = (
					"$(inherited)",
					"@executable_path/Frameworks",
				);
				PRODUCT_BUNDLE_IDENTIFIER = com.jinuman.PhotoSearcher;
				PRODUCT_NAME = PhotoSearcher;
				SDKROOT = iphoneos;
				SUPPORTED_PLATFORMS = "iphonesimulator iphoneos";
				SWIFT_ACTIVE_COMPILATION_CONDITIONS = DEBUG;
				SWIFT_COMPILATION_MODE = singlefile;
				SWIFT_OPTIMIZATION_LEVEL = "-Onone";
				SWIFT_VERSION = 5.3.2;
				TARGETED_DEVICE_FAMILY = "1,2";
			};
			name = Debug;
		};
		CAD5931B8FDF65028077CF66 /* Debug */ = {
			isa = XCBuildConfiguration;
			buildSettings = {
				BUNDLE_LOADER = "$(TEST_HOST)";
				CODE_SIGN_IDENTITY = "iPhone Developer";
				INFOPLIST_FILE = PhotoSearcherTests/Info.plist;
				LD_RUNPATH_SEARCH_PATHS = (
					"$(inherited)",
					"@executable_path/Frameworks",
					"@loader_path/Frameworks",
				);
				PRODUCT_BUNDLE_IDENTIFIER = com.jinuman.PhotoSearcherTests;
				PRODUCT_NAME = PhotoSearcherTests;
				SDKROOT = iphoneos;
				SUPPORTED_PLATFORMS = "iphonesimulator iphoneos";
				SWIFT_ACTIVE_COMPILATION_CONDITIONS = DEBUG;
				SWIFT_COMPILATION_MODE = singlefile;
				SWIFT_OPTIMIZATION_LEVEL = "-Onone";
				SWIFT_VERSION = 5.3.2;
				TARGETED_DEVICE_FAMILY = "1,2";
				TEST_HOST = "$(BUILT_PRODUCTS_DIR)/PhotoSearcher.app/PhotoSearcher";
				TEST_TARGET_NAME = PhotoSearcher;
			};
			name = Debug;
		};
		F5F27C60ADF0D1A333340CA2 /* Release */ = {
			isa = XCBuildConfiguration;
			buildSettings = {
				BUNDLE_LOADER = "$(TEST_HOST)";
				CODE_SIGN_IDENTITY = "iPhone Developer";
				INFOPLIST_FILE = PhotoSearcherTests/Info.plist;
				LD_RUNPATH_SEARCH_PATHS = (
					"$(inherited)",
					"@executable_path/Frameworks",
					"@loader_path/Frameworks",
				);
				PRODUCT_BUNDLE_IDENTIFIER = com.jinuman.PhotoSearcherTests;
				PRODUCT_NAME = PhotoSearcherTests;
				SDKROOT = iphoneos;
				SUPPORTED_PLATFORMS = "iphonesimulator iphoneos";
				SWIFT_COMPILATION_MODE = wholemodule;
				SWIFT_OPTIMIZATION_LEVEL = "-Owholemodule";
				SWIFT_VERSION = 5.3.2;
				TARGETED_DEVICE_FAMILY = "1,2";
				TEST_HOST = "$(BUILT_PRODUCTS_DIR)/PhotoSearcher.app/PhotoSearcher";
				TEST_TARGET_NAME = PhotoSearcher;
			};
			name = Release;
		};
		F5FBA7C1554ED122A3A458B5 /* Release */ = {
			isa = XCBuildConfiguration;
			buildSettings = {
				ASSETCATALOG_COMPILER_APPICON_NAME = AppIcon;
				CODE_SIGN_IDENTITY = "iPhone Developer";
				ENABLE_PREVIEWS = YES;
				INFOPLIST_FILE = "PhotoSearcher/Supporting Files/PhotoSearcher-Info.plist";
				LD_RUNPATH_SEARCH_PATHS = (
					"$(inherited)",
					"@executable_path/Frameworks",
				);
				PRODUCT_BUNDLE_IDENTIFIER = com.jinuman.PhotoSearcher;
				PRODUCT_NAME = PhotoSearcher;
				SDKROOT = iphoneos;
				SUPPORTED_PLATFORMS = "iphonesimulator iphoneos";
				SWIFT_COMPILATION_MODE = wholemodule;
				SWIFT_OPTIMIZATION_LEVEL = "-Owholemodule";
				SWIFT_VERSION = 5.3.2;
				TARGETED_DEVICE_FAMILY = "1,2";
			};
			name = Release;
		};
/* End XCBuildConfiguration section */

/* Begin XCConfigurationList section */
		2C12C2488FA52DDAB4AC755D /* Build configuration list for PBXNativeTarget "PhotoSearcherTests" */ = {
			isa = XCConfigurationList;
			buildConfigurations = (
				CAD5931B8FDF65028077CF66 /* Debug */,
				F5F27C60ADF0D1A333340CA2 /* Release */,
			);
			defaultConfigurationIsVisible = 0;
			defaultConfigurationName = Release;
		};
		744AD38FF414D272BCF2BA5F /* Build configuration list for PBXNativeTarget "PhotoSearcher" */ = {
			isa = XCConfigurationList;
			buildConfigurations = (
				AAA84EA1675966231C9A6012 /* Debug */,
				F5FBA7C1554ED122A3A458B5 /* Release */,
			);
			defaultConfigurationIsVisible = 0;
			defaultConfigurationName = Release;
		};
		9D0F1A2A7D5E1DFC07AFB6F6 /* Build configuration list for PBXProject "PhotoSearcher" */ = {
			isa = XCConfigurationList;
			buildConfigurations = (
				137A50D8BDAFB5E11FCA4E8C /* Debug */,
				263E1D37256B4A20B84573A6 /* Release */,
			);
			defaultConfigurationIsVisible = 0;
			defaultConfigurationName = Release;
		};
/* End XCConfigurationList section */
	};
	rootObject = 6B27B8CB402313E7EA05BD02 /* Project object */;
}
